
Microsoft Visual Studio Solution File, Format Version 12.00
# Visual Studio Version 17
VisualStudioVersion = 17.3.32929.385
MinimumVisualStudioVersion = 10.0.40219.1
Project("{9A19103F-16F7-4668-BE54-9A1E7A4F7556}") = "Day1", "Day1\Day1.csproj", "{D50A3DF4-468A-4D15-B45E-A8FC30BA5E76}"
EndProject
Project("{9A19103F-16F7-4668-BE54-9A1E7A4F7556}") = "Day2", "Day2\Day2.csproj", "{ED681AEC-4FE2-490B-BB39-E9C1A44CDEB2}"
EndProject
Project("{9A19103F-16F7-4668-BE54-9A1E7A4F7556}") = "Day3", "Day3\Day3.csproj", "{5F9BA942-A104-4087-865A-C0343D1D00D0}"
EndProject
Project("{9A19103F-16F7-4668-BE54-9A1E7A4F7556}") = "Day4", "Day4\Day4.csproj", "{306E25B7-F938-4BA8-9C0D-086CAE71DBCD}"
EndProject
Project("{9A19103F-16F7-4668-BE54-9A1E7A4F7556}") = "Day5", "Day5\Day5.csproj", "{0874A3A5-A060-4922-8F70-E47FCCE2DF0B}"
EndProject
Project("{9A19103F-16F7-4668-BE54-9A1E7A4F7556}") = "Day6", "Day6\Day6.csproj", "{65B5CA3B-8578-4028-8387-9DBB9036E029}"
EndProject
Project("{9A19103F-16F7-4668-BE54-9A1E7A4F7556}") = "Day7", "Day7\Day7.csproj", "{F1DBE10A-F6BD-42EB-9334-2DA4BB3113BC}"
EndProject
Project("{9A19103F-16F7-4668-BE54-9A1E7A4F7556}") = "Day8", "Day8\Day8.csproj", "{145D46BC-99AC-492D-9AA4-A690B9A42D2A}"
EndProject
Project("{9A19103F-16F7-4668-BE54-9A1E7A4F7556}") = "Day9", "Day9\Day9.csproj", "{E50224AD-6E6A-45F9-AD6A-AD209C5EE9C0}"
EndProject
Project("{9A19103F-16F7-4668-BE54-9A1E7A4F7556}") = "Day10", "Day10\Day10.csproj", "{C350715E-7DB6-4E50-94FA-4675BF8373B9}"
EndProject
Project("{9A19103F-16F7-4668-BE54-9A1E7A4F7556}") = "Day11", "Day11\Day11.csproj", "{45C56418-56B4-4DCB-854A-A788B5833E19}"
EndProject
Project("{9A19103F-16F7-4668-BE54-9A1E7A4F7556}") = "Day12", "Day12\Day12.csproj", "{EA2C90E5-2277-4F06-8501-34CF8D60D793}"
EndProject
Project("{9A19103F-16F7-4668-BE54-9A1E7A4F7556}") = "Day13", "Day13\Day13.csproj", "{DF99BC98-8537-4482-8155-0B40C8886EB5}"
EndProject
Project("{9A19103F-16F7-4668-BE54-9A1E7A4F7556}") = "Day14", "Day14\Day14.csproj", "{E8739F72-FCA9-4CD6-9B92-ED71F47FEA1E}"
EndProject
Project("{9A19103F-16F7-4668-BE54-9A1E7A4F7556}") = "Day15", "Day15\Day15.csproj", "{BAB8CA74-7992-4CAC-85E6-07D2D808DBE9}"
EndProject
Project("{FAE04EC0-301F-11D3-BF4B-00C04F79EFBC}") = "Day16", "Day16\Day16.csproj", "{5870D881-0734-45C6-8616-B23CF9561627}"
EndProject
Project("{FAE04EC0-301F-11D3-BF4B-00C04F79EFBC}") = "Day17", "Day17\Day17.csproj", "{78B25E8E-9559-447C-9EA2-51FAB4393452}"
EndProject
Project("{FAE04EC0-301F-11D3-BF4B-00C04F79EFBC}") = "Day18", "Day18\Day18.csproj", "{79631DE6-A643-4566-8A97-679837F0962C}"
EndProject
Project("{FAE04EC0-301F-11D3-BF4B-00C04F79EFBC}") = "Day19", "Day19\Day19.csproj", "{83A09CFD-4DEF-4018-814C-2CC73C37171B}"
EndProject
Project("{FAE04EC0-301F-11D3-BF4B-00C04F79EFBC}") = "Day20", "Day20\Day20.csproj", "{A9651194-F2A7-4A79-A19E-3BF4FAEAFEF1}"
EndProject
Project("{FAE04EC0-301F-11D3-BF4B-00C04F79EFBC}") = "Day21", "Day21\Day21.csproj", "{9E5B5E76-C282-493D-A541-89A15B9842BA}"
EndProject
Project("{FAE04EC0-301F-11D3-BF4B-00C04F79EFBC}") = "Day22", "Day22\Day22.csproj", "{5E4EDAF5-0CA5-46D4-A33B-DA78A5AAADF5}"
EndProject
Global
	GlobalSection(SolutionConfigurationPlatforms) = preSolution
		Debug|Any CPU = Debug|Any CPU
		Release|Any CPU = Release|Any CPU
	EndGlobalSection
	GlobalSection(ProjectConfigurationPlatforms) = postSolution
		{D50A3DF4-468A-4D15-B45E-A8FC30BA5E76}.Debug|Any CPU.ActiveCfg = Debug|Any CPU
		{D50A3DF4-468A-4D15-B45E-A8FC30BA5E76}.Debug|Any CPU.Build.0 = Debug|Any CPU
		{D50A3DF4-468A-4D15-B45E-A8FC30BA5E76}.Release|Any CPU.ActiveCfg = Release|Any CPU
		{D50A3DF4-468A-4D15-B45E-A8FC30BA5E76}.Release|Any CPU.Build.0 = Release|Any CPU
		{ED681AEC-4FE2-490B-BB39-E9C1A44CDEB2}.Debug|Any CPU.ActiveCfg = Debug|Any CPU
		{ED681AEC-4FE2-490B-BB39-E9C1A44CDEB2}.Debug|Any CPU.Build.0 = Debug|Any CPU
		{ED681AEC-4FE2-490B-BB39-E9C1A44CDEB2}.Release|Any CPU.ActiveCfg = Release|Any CPU
		{ED681AEC-4FE2-490B-BB39-E9C1A44CDEB2}.Release|Any CPU.Build.0 = Release|Any CPU
		{5F9BA942-A104-4087-865A-C0343D1D00D0}.Debug|Any CPU.ActiveCfg = Debug|Any CPU
		{5F9BA942-A104-4087-865A-C0343D1D00D0}.Debug|Any CPU.Build.0 = Debug|Any CPU
		{5F9BA942-A104-4087-865A-C0343D1D00D0}.Release|Any CPU.ActiveCfg = Release|Any CPU
		{5F9BA942-A104-4087-865A-C0343D1D00D0}.Release|Any CPU.Build.0 = Release|Any CPU
		{306E25B7-F938-4BA8-9C0D-086CAE71DBCD}.Debug|Any CPU.ActiveCfg = Debug|Any CPU
		{306E25B7-F938-4BA8-9C0D-086CAE71DBCD}.Debug|Any CPU.Build.0 = Debug|Any CPU
		{306E25B7-F938-4BA8-9C0D-086CAE71DBCD}.Release|Any CPU.ActiveCfg = Release|Any CPU
		{306E25B7-F938-4BA8-9C0D-086CAE71DBCD}.Release|Any CPU.Build.0 = Release|Any CPU
		{0874A3A5-A060-4922-8F70-E47FCCE2DF0B}.Debug|Any CPU.ActiveCfg = Debug|Any CPU
		{0874A3A5-A060-4922-8F70-E47FCCE2DF0B}.Debug|Any CPU.Build.0 = Debug|Any CPU
		{0874A3A5-A060-4922-8F70-E47FCCE2DF0B}.Release|Any CPU.ActiveCfg = Release|Any CPU
		{0874A3A5-A060-4922-8F70-E47FCCE2DF0B}.Release|Any CPU.Build.0 = Release|Any CPU
		{65B5CA3B-8578-4028-8387-9DBB9036E029}.Debug|Any CPU.ActiveCfg = Debug|Any CPU
		{65B5CA3B-8578-4028-8387-9DBB9036E029}.Debug|Any CPU.Build.0 = Debug|Any CPU
		{65B5CA3B-8578-4028-8387-9DBB9036E029}.Release|Any CPU.ActiveCfg = Release|Any CPU
		{65B5CA3B-8578-4028-8387-9DBB9036E029}.Release|Any CPU.Build.0 = Release|Any CPU
		{F1DBE10A-F6BD-42EB-9334-2DA4BB3113BC}.Debug|Any CPU.ActiveCfg = Debug|Any CPU
		{F1DBE10A-F6BD-42EB-9334-2DA4BB3113BC}.Debug|Any CPU.Build.0 = Debug|Any CPU
		{F1DBE10A-F6BD-42EB-9334-2DA4BB3113BC}.Release|Any CPU.ActiveCfg = Release|Any CPU
		{F1DBE10A-F6BD-42EB-9334-2DA4BB3113BC}.Release|Any CPU.Build.0 = Release|Any CPU
		{145D46BC-99AC-492D-9AA4-A690B9A42D2A}.Debug|Any CPU.ActiveCfg = Debug|Any CPU
		{145D46BC-99AC-492D-9AA4-A690B9A42D2A}.Debug|Any CPU.Build.0 = Debug|Any CPU
		{145D46BC-99AC-492D-9AA4-A690B9A42D2A}.Release|Any CPU.ActiveCfg = Release|Any CPU
		{145D46BC-99AC-492D-9AA4-A690B9A42D2A}.Release|Any CPU.Build.0 = Release|Any CPU
		{E50224AD-6E6A-45F9-AD6A-AD209C5EE9C0}.Debug|Any CPU.ActiveCfg = Debug|Any CPU
		{E50224AD-6E6A-45F9-AD6A-AD209C5EE9C0}.Debug|Any CPU.Build.0 = Debug|Any CPU
		{E50224AD-6E6A-45F9-AD6A-AD209C5EE9C0}.Release|Any CPU.ActiveCfg = Release|Any CPU
		{E50224AD-6E6A-45F9-AD6A-AD209C5EE9C0}.Release|Any CPU.Build.0 = Release|Any CPU
		{C350715E-7DB6-4E50-94FA-4675BF8373B9}.Debug|Any CPU.ActiveCfg = Debug|Any CPU
		{C350715E-7DB6-4E50-94FA-4675BF8373B9}.Debug|Any CPU.Build.0 = Debug|Any CPU
		{C350715E-7DB6-4E50-94FA-4675BF8373B9}.Release|Any CPU.ActiveCfg = Release|Any CPU
		{C350715E-7DB6-4E50-94FA-4675BF8373B9}.Release|Any CPU.Build.0 = Release|Any CPU
		{45C56418-56B4-4DCB-854A-A788B5833E19}.Debug|Any CPU.ActiveCfg = Debug|Any CPU
		{45C56418-56B4-4DCB-854A-A788B5833E19}.Debug|Any CPU.Build.0 = Debug|Any CPU
		{45C56418-56B4-4DCB-854A-A788B5833E19}.Release|Any CPU.ActiveCfg = Release|Any CPU
		{45C56418-56B4-4DCB-854A-A788B5833E19}.Release|Any CPU.Build.0 = Release|Any CPU
		{EA2C90E5-2277-4F06-8501-34CF8D60D793}.Debug|Any CPU.ActiveCfg = Debug|Any CPU
		{EA2C90E5-2277-4F06-8501-34CF8D60D793}.Debug|Any CPU.Build.0 = Debug|Any CPU
		{EA2C90E5-2277-4F06-8501-34CF8D60D793}.Release|Any CPU.ActiveCfg = Release|Any CPU
		{EA2C90E5-2277-4F06-8501-34CF8D60D793}.Release|Any CPU.Build.0 = Release|Any CPU
		{DF99BC98-8537-4482-8155-0B40C8886EB5}.Debug|Any CPU.ActiveCfg = Debug|Any CPU
		{DF99BC98-8537-4482-8155-0B40C8886EB5}.Debug|Any CPU.Build.0 = Debug|Any CPU
		{DF99BC98-8537-4482-8155-0B40C8886EB5}.Release|Any CPU.ActiveCfg = Release|Any CPU
		{DF99BC98-8537-4482-8155-0B40C8886EB5}.Release|Any CPU.Build.0 = Release|Any CPU
		{E8739F72-FCA9-4CD6-9B92-ED71F47FEA1E}.Debug|Any CPU.ActiveCfg = Debug|Any CPU
		{E8739F72-FCA9-4CD6-9B92-ED71F47FEA1E}.Debug|Any CPU.Build.0 = Debug|Any CPU
		{E8739F72-FCA9-4CD6-9B92-ED71F47FEA1E}.Release|Any CPU.ActiveCfg = Release|Any CPU
		{E8739F72-FCA9-4CD6-9B92-ED71F47FEA1E}.Release|Any CPU.Build.0 = Release|Any CPU
		{BAB8CA74-7992-4CAC-85E6-07D2D808DBE9}.Debug|Any CPU.ActiveCfg = Debug|Any CPU
		{BAB8CA74-7992-4CAC-85E6-07D2D808DBE9}.Debug|Any CPU.Build.0 = Debug|Any CPU
		{BAB8CA74-7992-4CAC-85E6-07D2D808DBE9}.Release|Any CPU.ActiveCfg = Release|Any CPU
		{BAB8CA74-7992-4CAC-85E6-07D2D808DBE9}.Release|Any CPU.Build.0 = Release|Any CPU
		{5870D881-0734-45C6-8616-B23CF9561627}.Debug|Any CPU.ActiveCfg = Debug|Any CPU
		{5870D881-0734-45C6-8616-B23CF9561627}.Debug|Any CPU.Build.0 = Debug|Any CPU
		{5870D881-0734-45C6-8616-B23CF9561627}.Release|Any CPU.ActiveCfg = Release|Any CPU
		{5870D881-0734-45C6-8616-B23CF9561627}.Release|Any CPU.Build.0 = Release|Any CPU
		{78B25E8E-9559-447C-9EA2-51FAB4393452}.Debug|Any CPU.ActiveCfg = Debug|Any CPU
		{78B25E8E-9559-447C-9EA2-51FAB4393452}.Debug|Any CPU.Build.0 = Debug|Any CPU
		{78B25E8E-9559-447C-9EA2-51FAB4393452}.Release|Any CPU.ActiveCfg = Release|Any CPU
		{78B25E8E-9559-447C-9EA2-51FAB4393452}.Release|Any CPU.Build.0 = Release|Any CPU
		{79631DE6-A643-4566-8A97-679837F0962C}.Debug|Any CPU.ActiveCfg = Debug|Any CPU
		{79631DE6-A643-4566-8A97-679837F0962C}.Debug|Any CPU.Build.0 = Debug|Any CPU
		{79631DE6-A643-4566-8A97-679837F0962C}.Release|Any CPU.ActiveCfg = Release|Any CPU
		{79631DE6-A643-4566-8A97-679837F0962C}.Release|Any CPU.Build.0 = Release|Any CPU
		{83A09CFD-4DEF-4018-814C-2CC73C37171B}.Debug|Any CPU.ActiveCfg = Debug|Any CPU
		{83A09CFD-4DEF-4018-814C-2CC73C37171B}.Debug|Any CPU.Build.0 = Debug|Any CPU
		{83A09CFD-4DEF-4018-814C-2CC73C37171B}.Release|Any CPU.ActiveCfg = Release|Any CPU
		{83A09CFD-4DEF-4018-814C-2CC73C37171B}.Release|Any CPU.Build.0 = Release|Any CPU
		{A9651194-F2A7-4A79-A19E-3BF4FAEAFEF1}.Debug|Any CPU.ActiveCfg = Debug|Any CPU
		{A9651194-F2A7-4A79-A19E-3BF4FAEAFEF1}.Debug|Any CPU.Build.0 = Debug|Any CPU
		{A9651194-F2A7-4A79-A19E-3BF4FAEAFEF1}.Release|Any CPU.ActiveCfg = Release|Any CPU
		{A9651194-F2A7-4A79-A19E-3BF4FAEAFEF1}.Release|Any CPU.Build.0 = Release|Any CPU
		{9E5B5E76-C282-493D-A541-89A15B9842BA}.Debug|Any CPU.ActiveCfg = Debug|Any CPU
		{9E5B5E76-C282-493D-A541-89A15B9842BA}.Debug|Any CPU.Build.0 = Debug|Any CPU
		{9E5B5E76-C282-493D-A541-89A15B9842BA}.Release|Any CPU.ActiveCfg = Release|Any CPU
		{9E5B5E76-C282-493D-A541-89A15B9842BA}.Release|Any CPU.Build.0 = Release|Any CPU
		{5E4EDAF5-0CA5-46D4-A33B-DA78A5AAADF5}.Debug|Any CPU.ActiveCfg = Debug|Any CPU
		{5E4EDAF5-0CA5-46D4-A33B-DA78A5AAADF5}.Debug|Any CPU.Build.0 = Debug|Any CPU
		{5E4EDAF5-0CA5-46D4-A33B-DA78A5AAADF5}.Release|Any CPU.ActiveCfg = Release|Any CPU
		{5E4EDAF5-0CA5-46D4-A33B-DA78A5AAADF5}.Release|Any CPU.Build.0 = Release|Any CPU
	EndGlobalSection
	GlobalSection(SolutionProperties) = preSolution
		HideSolutionNode = FALSE
	EndGlobalSection
	GlobalSection(ExtensibilityGlobals) = postSolution
		SolutionGuid = {C402F571-A446-4A84-B42D-6ACA77CE5C1D}
	EndGlobalSection
EndGlobal
